
Microsoft Visual Studio Solution File, Format Version 12.00
# Visual Studio Version 17
VisualStudioVersion = 17.8.34525.116
MinimumVisualStudioVersion = 10.0.40219.1
Project("{FAE04EC0-301F-11D3-BF4B-00C04F79EFBC}") = "002AddTwoNumbers", "002AddTwoNumbers\002AddTwoNumbers.csproj", "{FB372703-C536-4316-BE14-9B0FD24C11EF}"
EndProject
Global
	GlobalSection(SolutionConfigurationPlatforms) = preSolution
		Debug|Any CPU = Debug|Any CPU
		Release|Any CPU = Release|Any CPU
	EndGlobalSection
	GlobalSection(ProjectConfigurationPlatforms) = postSolution
		{FB372703-C536-4316-BE14-9B0FD24C11EF}.Debug|Any CPU.ActiveCfg = Debug|Any CPU
		{FB372703-C536-4316-BE14-9B0FD24C11EF}.Debug|Any CPU.Build.0 = Debug|Any CPU
		{FB372703-C536-4316-BE14-9B0FD24C11EF}.Release|Any CPU.ActiveCfg = Release|Any CPU
		{FB372703-C536-4316-BE14-9B0FD24C11EF}.Release|Any CPU.Build.0 = Release|Any CPU
	EndGlobalSection
	GlobalSection(SolutionProperties) = preSolution
		HideSolutionNode = FALSE
	EndGlobalSection
	GlobalSection(ExtensibilityGlobals) = postSolution
		SolutionGuid = {8DC4BCB1-E84A-4083-BF97-4DB875186B1C}
	EndGlobalSection
EndGlobal
